// !$*UTF8*$!
{
	archiveVersion = 1;
	classes = {
	};
	objectVersion = 56;
	objects = {

/* Begin PBXBuildFile section */
		054009D6298B591D0084A6DE /* CategoryHome.swift in Sources */ = {isa = PBXBuildFile; fileRef = 054009D5298B591D0084A6DE /* CategoryHome.swift */; };
		054009D8298B5AC50084A6DE /* CategoryRow.swift in Sources */ = {isa = PBXBuildFile; fileRef = 054009D7298B5AC50084A6DE /* CategoryRow.swift */; };
		054009DA298B5B970084A6DE /* CategoryItem.swift in Sources */ = {isa = PBXBuildFile; fileRef = 054009D9298B5B970084A6DE /* CategoryItem.swift */; };
		0579DD752989C15F00E8512B /* LandmarksApp.swift in Sources */ = {isa = PBXBuildFile; fileRef = 0579DD742989C15F00E8512B /* LandmarksApp.swift */; };
		0579DD772989C15F00E8512B /* ContentView.swift in Sources */ = {isa = PBXBuildFile; fileRef = 0579DD762989C15F00E8512B /* ContentView.swift */; };
		0579DD792989C16400E8512B /* Assets.xcassets in Resources */ = {isa = PBXBuildFile; fileRef = 0579DD782989C16400E8512B /* Assets.xcassets */; };
		0579DD7C2989C16400E8512B /* Preview Assets.xcassets in Resources */ = {isa = PBXBuildFile; fileRef = 0579DD7B2989C16400E8512B /* Preview Assets.xcassets */; };
		0579DD832989C3E500E8512B /* CircleImage.swift in Sources */ = {isa = PBXBuildFile; fileRef = 0579DD822989C3E500E8512B /* CircleImage.swift */; };
		0579DD852989C4DE00E8512B /* MapView.swift in Sources */ = {isa = PBXBuildFile; fileRef = 0579DD842989C4DE00E8512B /* MapView.swift */; };
		0579DD872989C82500E8512B /* landmarkData.json in Resources */ = {isa = PBXBuildFile; fileRef = 0579DD862989C82500E8512B /* landmarkData.json */; };
		0579DD892989C85100E8512B /* Landmark.swift in Sources */ = {isa = PBXBuildFile; fileRef = 0579DD882989C85100E8512B /* Landmark.swift */; };
		0579DD8B2989CAEA00E8512B /* ModelData.swift in Sources */ = {isa = PBXBuildFile; fileRef = 0579DD8A2989CAEA00E8512B /* ModelData.swift */; };
		0579DD902989D0D500E8512B /* LandmarkRow.swift in Sources */ = {isa = PBXBuildFile; fileRef = 0579DD8F2989D0D500E8512B /* LandmarkRow.swift */; };
		0579DD922989D29800E8512B /* LandmarkList.swift in Sources */ = {isa = PBXBuildFile; fileRef = 0579DD912989D29800E8512B /* LandmarkList.swift */; };
		0579DD942989D5AE00E8512B /* LandmarkDetail.swift in Sources */ = {isa = PBXBuildFile; fileRef = 0579DD932989D5AE00E8512B /* LandmarkDetail.swift */; };
		0579DD962989F0CA00E8512B /* FavoriteButton.swift in Sources */ = {isa = PBXBuildFile; fileRef = 0579DD952989F0CA00E8512B /* FavoriteButton.swift */; };
		05D3EE5C298A129D0088C3E2 /* HexagonParameters.swift in Sources */ = {isa = PBXBuildFile; fileRef = 05D3EE5B298A129D0088C3E2 /* HexagonParameters.swift */; };
		05D3EE5E298A134E0088C3E2 /* BadgeBackground.swift in Sources */ = {isa = PBXBuildFile; fileRef = 05D3EE5D298A134E0088C3E2 /* BadgeBackground.swift */; };
		05D3EE61298A15500088C3E2 /* BadgeSymbol.swift in Sources */ = {isa = PBXBuildFile; fileRef = 05D3EE60298A15500088C3E2 /* BadgeSymbol.swift */; };
		05D3EE63298A160B0088C3E2 /* RotatedBadgeSymbol.swift in Sources */ = {isa = PBXBuildFile; fileRef = 05D3EE62298A160B0088C3E2 /* RotatedBadgeSymbol.swift */; };
		05D3EE65298A16260088C3E2 /* Badge.swift in Sources */ = {isa = PBXBuildFile; fileRef = 05D3EE64298A16260088C3E2 /* Badge.swift */; };
		05D3EE67298A1CB70088C3E2 /* hikeData.json in Resources */ = {isa = PBXBuildFile; fileRef = 05D3EE66298A1CB70088C3E2 /* hikeData.json */; };
		05D3EE69298A211E0088C3E2 /* Hike.swift in Sources */ = {isa = PBXBuildFile; fileRef = 05D3EE68298A211E0088C3E2 /* Hike.swift */; };
		05D3EE6F298A21770088C3E2 /* GraphCapsule.swift in Sources */ = {isa = PBXBuildFile; fileRef = 05D3EE6B298A21770088C3E2 /* GraphCapsule.swift */; };
		05D3EE70298A21770088C3E2 /* HikeGraph.swift in Sources */ = {isa = PBXBuildFile; fileRef = 05D3EE6C298A21770088C3E2 /* HikeGraph.swift */; };
		05D3EE71298A21770088C3E2 /* HikeDetail.swift in Sources */ = {isa = PBXBuildFile; fileRef = 05D3EE6D298A21770088C3E2 /* HikeDetail.swift */; };
		05D3EE72298A21770088C3E2 /* HikeView.swift in Sources */ = {isa = PBXBuildFile; fileRef = 05D3EE6E298A21770088C3E2 /* HikeView.swift */; };
/* End PBXBuildFile section */

/* Begin PBXFileReference section */
		054009D5298B591D0084A6DE /* CategoryHome.swift */ = {isa = PBXFileReference; lastKnownFileType = sourcecode.swift; path = CategoryHome.swift; sourceTree = "<group>"; };
		054009D7298B5AC50084A6DE /* CategoryRow.swift */ = {isa = PBXFileReference; lastKnownFileType = sourcecode.swift; path = CategoryRow.swift; sourceTree = "<group>"; };
		054009D9298B5B970084A6DE /* CategoryItem.swift */ = {isa = PBXFileReference; lastKnownFileType = sourcecode.swift; path = CategoryItem.swift; sourceTree = "<group>"; };
		0579DD712989C15F00E8512B /* Landmarks.app */ = {isa = PBXFileReference; explicitFileType = wrapper.application; includeInIndex = 0; path = Landmarks.app; sourceTree = BUILT_PRODUCTS_DIR; };
		0579DD742989C15F00E8512B /* LandmarksApp.swift */ = {isa = PBXFileReference; lastKnownFileType = sourcecode.swift; path = LandmarksApp.swift; sourceTree = "<group>"; };
		0579DD762989C15F00E8512B /* ContentView.swift */ = {isa = PBXFileReference; lastKnownFileType = sourcecode.swift; path = ContentView.swift; sourceTree = "<group>"; };
		0579DD782989C16400E8512B /* Assets.xcassets */ = {isa = PBXFileReference; lastKnownFileType = folder.assetcatalog; path = Assets.xcassets; sourceTree = "<group>"; };
		0579DD7B2989C16400E8512B /* Preview Assets.xcassets */ = {isa = PBXFileReference; lastKnownFileType = folder.assetcatalog; path = "Preview Assets.xcassets"; sourceTree = "<group>"; };
		0579DD822989C3E500E8512B /* CircleImage.swift */ = {isa = PBXFileReference; lastKnownFileType = sourcecode.swift; path = CircleImage.swift; sourceTree = "<group>"; };
		0579DD842989C4DE00E8512B /* MapView.swift */ = {isa = PBXFileReference; lastKnownFileType = sourcecode.swift; path = MapView.swift; sourceTree = "<group>"; };
		0579DD862989C82500E8512B /* landmarkData.json */ = {isa = PBXFileReference; fileEncoding = 4; lastKnownFileType = text.json; path = landmarkData.json; sourceTree = "<group>"; };
		0579DD882989C85100E8512B /* Landmark.swift */ = {isa = PBXFileReference; lastKnownFileType = sourcecode.swift; path = Landmark.swift; sourceTree = "<group>"; };
		0579DD8A2989CAEA00E8512B /* ModelData.swift */ = {isa = PBXFileReference; lastKnownFileType = sourcecode.swift; path = ModelData.swift; sourceTree = "<group>"; };
		0579DD8F2989D0D500E8512B /* LandmarkRow.swift */ = {isa = PBXFileReference; lastKnownFileType = sourcecode.swift; path = LandmarkRow.swift; sourceTree = "<group>"; };
		0579DD912989D29800E8512B /* LandmarkList.swift */ = {isa = PBXFileReference; lastKnownFileType = sourcecode.swift; path = LandmarkList.swift; sourceTree = "<group>"; };
		0579DD932989D5AE00E8512B /* LandmarkDetail.swift */ = {isa = PBXFileReference; lastKnownFileType = sourcecode.swift; path = LandmarkDetail.swift; sourceTree = "<group>"; };
		0579DD952989F0CA00E8512B /* FavoriteButton.swift */ = {isa = PBXFileReference; lastKnownFileType = sourcecode.swift; path = FavoriteButton.swift; sourceTree = "<group>"; };
		05D3EE5B298A129D0088C3E2 /* HexagonParameters.swift */ = {isa = PBXFileReference; lastKnownFileType = sourcecode.swift; path = HexagonParameters.swift; sourceTree = "<group>"; };
		05D3EE5D298A134E0088C3E2 /* BadgeBackground.swift */ = {isa = PBXFileReference; lastKnownFileType = sourcecode.swift; path = BadgeBackground.swift; sourceTree = "<group>"; };
		05D3EE60298A15500088C3E2 /* BadgeSymbol.swift */ = {isa = PBXFileReference; lastKnownFileType = sourcecode.swift; path = BadgeSymbol.swift; sourceTree = "<group>"; };
		05D3EE62298A160B0088C3E2 /* RotatedBadgeSymbol.swift */ = {isa = PBXFileReference; lastKnownFileType = sourcecode.swift; path = RotatedBadgeSymbol.swift; sourceTree = "<group>"; };
		05D3EE64298A16260088C3E2 /* Badge.swift */ = {isa = PBXFileReference; lastKnownFileType = sourcecode.swift; path = Badge.swift; sourceTree = "<group>"; };
		05D3EE66298A1CB70088C3E2 /* hikeData.json */ = {isa = PBXFileReference; fileEncoding = 4; lastKnownFileType = text.json; name = hikeData.json; path = ../../../Resources/hikeData.json; sourceTree = "<group>"; };
		05D3EE68298A211E0088C3E2 /* Hike.swift */ = {isa = PBXFileReference; lastKnownFileType = sourcecode.swift; path = Hike.swift; sourceTree = "<group>"; };
		05D3EE6B298A21770088C3E2 /* GraphCapsule.swift */ = {isa = PBXFileReference; fileEncoding = 4; lastKnownFileType = sourcecode.swift; path = GraphCapsule.swift; sourceTree = "<group>"; };
		05D3EE6C298A21770088C3E2 /* HikeGraph.swift */ = {isa = PBXFileReference; fileEncoding = 4; lastKnownFileType = sourcecode.swift; path = HikeGraph.swift; sourceTree = "<group>"; };
		05D3EE6D298A21770088C3E2 /* HikeDetail.swift */ = {isa = PBXFileReference; fileEncoding = 4; lastKnownFileType = sourcecode.swift; path = HikeDetail.swift; sourceTree = "<group>"; };
		05D3EE6E298A21770088C3E2 /* HikeView.swift */ = {isa = PBXFileReference; fileEncoding = 4; lastKnownFileType = sourcecode.swift; path = HikeView.swift; sourceTree = "<group>"; };
/* End PBXFileReference section */

/* Begin PBXFrameworksBuildPhase section */
		0579DD6E2989C15F00E8512B /* Frameworks */ = {
			isa = PBXFrameworksBuildPhase;
			buildActionMask = 2147483647;
			files = (
			);
			runOnlyForDeploymentPostprocessing = 0;
		};
/* End PBXFrameworksBuildPhase section */

/* Begin PBXGroup section */
		054009D4298B58FD0084A6DE /* Categories */ = {
			isa = PBXGroup;
			children = (
				054009D5298B591D0084A6DE /* CategoryHome.swift */,
				054009D7298B5AC50084A6DE /* CategoryRow.swift */,
				054009D9298B5B970084A6DE /* CategoryItem.swift */,
			);
			path = Categories;
			sourceTree = "<group>";
		};
		0579DD682989C15F00E8512B = {
			isa = PBXGroup;
			children = (
				0579DD732989C15F00E8512B /* Landmarks */,
				0579DD722989C15F00E8512B /* Products */,
			);
			sourceTree = "<group>";
		};
		0579DD722989C15F00E8512B /* Products */ = {
			isa = PBXGroup;
			children = (
				0579DD712989C15F00E8512B /* Landmarks.app */,
			);
			name = Products;
			sourceTree = "<group>";
		};
		0579DD732989C15F00E8512B /* Landmarks */ = {
			isa = PBXGroup;
			children = (
				0579DD742989C15F00E8512B /* LandmarksApp.swift */,
				0579DD8D2989CB6300E8512B /* Model */,
				0579DD8C2989CB4C00E8512B /* Views */,
				0579DD8E2989CB7A00E8512B /* Resources */,
				0579DD782989C16400E8512B /* Assets.xcassets */,
				0579DD7A2989C16400E8512B /* Preview Content */,
			);
			path = Landmarks;
			sourceTree = "<group>";
		};
		0579DD7A2989C16400E8512B /* Preview Content */ = {
			isa = PBXGroup;
			children = (
				0579DD7B2989C16400E8512B /* Preview Assets.xcassets */,
			);
			path = "Preview Content";
			sourceTree = "<group>";
		};
		0579DD8C2989CB4C00E8512B /* Views */ = {
			isa = PBXGroup;
			children = (
				0579DD762989C15F00E8512B /* ContentView.swift */,
				054009D4298B58FD0084A6DE /* Categories */,
				05D3EE6A298A21770088C3E2 /* Hikes */,
				05D3EE5F298A152F0088C3E2 /* Badge */,
				0579DD982989F15C00E8512B /* Landmarks */,
				0579DD972989F14100E8512B /* Helpers */,
			);
			path = Views;
			sourceTree = "<group>";
		};
		0579DD8D2989CB6300E8512B /* Model */ = {
			isa = PBXGroup;
			children = (
				0579DD8A2989CAEA00E8512B /* ModelData.swift */,
				0579DD882989C85100E8512B /* Landmark.swift */,
				05D3EE68298A211E0088C3E2 /* Hike.swift */,
			);
			path = Model;
			sourceTree = "<group>";
		};
		0579DD8E2989CB7A00E8512B /* Resources */ = {
			isa = PBXGroup;
			children = (
				05D3EE66298A1CB70088C3E2 /* hikeData.json */,
				0579DD862989C82500E8512B /* landmarkData.json */,
			);
			path = Resources;
			sourceTree = "<group>";
		};
		0579DD972989F14100E8512B /* Helpers */ = {
			isa = PBXGroup;
			children = (
				0579DD952989F0CA00E8512B /* FavoriteButton.swift */,
				0579DD822989C3E500E8512B /* CircleImage.swift */,
				0579DD842989C4DE00E8512B /* MapView.swift */,
			);
			path = Helpers;
			sourceTree = "<group>";
		};
		0579DD982989F15C00E8512B /* Landmarks */ = {
			isa = PBXGroup;
			children = (
				0579DD8F2989D0D500E8512B /* LandmarkRow.swift */,
				0579DD912989D29800E8512B /* LandmarkList.swift */,
				0579DD932989D5AE00E8512B /* LandmarkDetail.swift */,
			);
			path = Landmarks;
			sourceTree = "<group>";
		};
		05D3EE5F298A152F0088C3E2 /* Badge */ = {
			isa = PBXGroup;
			children = (
				05D3EE5B298A129D0088C3E2 /* HexagonParameters.swift */,
				05D3EE5D298A134E0088C3E2 /* BadgeBackground.swift */,
				05D3EE60298A15500088C3E2 /* BadgeSymbol.swift */,
				05D3EE62298A160B0088C3E2 /* RotatedBadgeSymbol.swift */,
				05D3EE64298A16260088C3E2 /* Badge.swift */,
			);
			path = Badge;
			sourceTree = "<group>";
		};
		05D3EE6A298A21770088C3E2 /* Hikes */ = {
			isa = PBXGroup;
			children = (
				05D3EE6B298A21770088C3E2 /* GraphCapsule.swift */,
				05D3EE6C298A21770088C3E2 /* HikeGraph.swift */,
				05D3EE6D298A21770088C3E2 /* HikeDetail.swift */,
				05D3EE6E298A21770088C3E2 /* HikeView.swift */,
			);
			name = Hikes;
			path = ../../../Resources/Hikes;
			sourceTree = "<group>";
		};
/* End PBXGroup section */

/* Begin PBXNativeTarget section */
		0579DD702989C15F00E8512B /* Landmarks */ = {
			isa = PBXNativeTarget;
			buildConfigurationList = 0579DD7F2989C16400E8512B /* Build configuration list for PBXNativeTarget "Landmarks" */;
			buildPhases = (
				0579DD6D2989C15F00E8512B /* Sources */,
				0579DD6E2989C15F00E8512B /* Frameworks */,
				0579DD6F2989C15F00E8512B /* Resources */,
			);
			buildRules = (
			);
			dependencies = (
			);
			name = Landmarks;
			productName = Landmarks;
			productReference = 0579DD712989C15F00E8512B /* Landmarks.app */;
			productType = "com.apple.product-type.application";
		};
/* End PBXNativeTarget section */

/* Begin PBXProject section */
		0579DD692989C15F00E8512B /* Project object */ = {
			isa = PBXProject;
			attributes = {
				BuildIndependentTargetsInParallel = 1;
				LastSwiftUpdateCheck = 1420;
				LastUpgradeCheck = 1420;
				TargetAttributes = {
					0579DD702989C15F00E8512B = {
						CreatedOnToolsVersion = 14.2;
					};
				};
			};
			buildConfigurationList = 0579DD6C2989C15F00E8512B /* Build configuration list for PBXProject "Landmarks" */;
			compatibilityVersion = "Xcode 14.0";
			developmentRegion = en;
			hasScannedForEncodings = 0;
			knownRegions = (
				en,
				Base,
			);
			mainGroup = 0579DD682989C15F00E8512B;
			productRefGroup = 0579DD722989C15F00E8512B /* Products */;
			projectDirPath = "";
			projectRoot = "";
			targets = (
				0579DD702989C15F00E8512B /* Landmarks */,
			);
		};
/* End PBXProject section */

/* Begin PBXResourcesBuildPhase section */
		0579DD6F2989C15F00E8512B /* Resources */ = {
			isa = PBXResourcesBuildPhase;
			buildActionMask = 2147483647;
			files = (
				05D3EE67298A1CB70088C3E2 /* hikeData.json in Resources */,
				0579DD7C2989C16400E8512B /* Preview Assets.xcassets in Resources */,
				0579DD792989C16400E8512B /* Assets.xcassets in Resources */,
				0579DD872989C82500E8512B /* landmarkData.json in Resources */,
			);
			runOnlyForDeploymentPostprocessing = 0;
		};
/* End PBXResourcesBuildPhase section */

/* Begin PBXSourcesBuildPhase section */
		0579DD6D2989C15F00E8512B /* Sources */ = {
			isa = PBXSourcesBuildPhase;
			buildActionMask = 2147483647;
			files = (
				054009D8298B5AC50084A6DE /* CategoryRow.swift in Sources */,
				0579DD772989C15F00E8512B /* ContentView.swift in Sources */,
				054009D6298B591D0084A6DE /* CategoryHome.swift in Sources */,
				05D3EE70298A21770088C3E2 /* HikeGraph.swift in Sources */,
				05D3EE65298A16260088C3E2 /* Badge.swift in Sources */,
				0579DD852989C4DE00E8512B /* MapView.swift in Sources */,
				05D3EE6F298A21770088C3E2 /* GraphCapsule.swift in Sources */,
				0579DD752989C15F00E8512B /* LandmarksApp.swift in Sources */,
				0579DD962989F0CA00E8512B /* FavoriteButton.swift in Sources */,
				054009DA298B5B970084A6DE /* CategoryItem.swift in Sources */,
				05D3EE71298A21770088C3E2 /* HikeDetail.swift in Sources */,
				05D3EE5C298A129D0088C3E2 /* HexagonParameters.swift in Sources */,
				05D3EE69298A211E0088C3E2 /* Hike.swift in Sources */,
				05D3EE63298A160B0088C3E2 /* RotatedBadgeSymbol.swift in Sources */,
				05D3EE61298A15500088C3E2 /* BadgeSymbol.swift in Sources */,
				0579DD922989D29800E8512B /* LandmarkList.swift in Sources */,
				05D3EE72298A21770088C3E2 /* HikeView.swift in Sources */,
				0579DD942989D5AE00E8512B /* LandmarkDetail.swift in Sources */,
				05D3EE5E298A134E0088C3E2 /* BadgeBackground.swift in Sources */,
				0579DD832989C3E500E8512B /* CircleImage.swift in Sources */,
				0579DD892989C85100E8512B /* Landmark.swift in Sources */,
				0579DD902989D0D500E8512B /* LandmarkRow.swift in Sources */,
				0579DD8B2989CAEA00E8512B /* ModelData.swift in Sources */,
			);
			runOnlyForDeploymentPostprocessing = 0;
		};
/* End PBXSourcesBuildPhase section */

/* Begin XCBuildConfiguration section */
		0579DD7D2989C16400E8512B /* Debug */ = {
			isa = XCBuildConfiguration;
			buildSettings = {
				ALWAYS_SEARCH_USER_PATHS = NO;
				CLANG_ANALYZER_NONNULL = YES;
				CLANG_ANALYZER_NUMBER_OBJECT_CONVERSION = YES_AGGRESSIVE;
				CLANG_CXX_LANGUAGE_STANDARD = "gnu++20";
				CLANG_ENABLE_MODULES = YES;
				CLANG_ENABLE_OBJC_ARC = YES;
				CLANG_ENABLE_OBJC_WEAK = YES;
				CLANG_WARN_BLOCK_CAPTURE_AUTORELEASING = YES;
				CLANG_WARN_BOOL_CONVERSION = YES;
				CLANG_WARN_COMMA = YES;
				CLANG_WARN_CONSTANT_CONVERSION = YES;
				CLANG_WARN_DEPRECATED_OBJC_IMPLEMENTATIONS = YES;
				CLANG_WARN_DIRECT_OBJC_ISA_USAGE = YES_ERROR;
				CLANG_WARN_DOCUMENTATION_COMMENTS = YES;
				CLANG_WARN_EMPTY_BODY = YES;
				CLANG_WARN_ENUM_CONVERSION = YES;
				CLANG_WARN_INFINITE_RECURSION = YES;
				CLANG_WARN_INT_CONVERSION = YES;
				CLANG_WARN_NON_LITERAL_NULL_CONVERSION = YES;
				CLANG_WARN_OBJC_IMPLICIT_RETAIN_SELF = YES;
				CLANG_WARN_OBJC_LITERAL_CONVERSION = YES;
				CLANG_WARN_OBJC_ROOT_CLASS = YES_ERROR;
				CLANG_WARN_QUOTED_INCLUDE_IN_FRAMEWORK_HEADER = YES;
				CLANG_WARN_RANGE_LOOP_ANALYSIS = YES;
				CLANG_WARN_STRICT_PROTOTYPES = YES;
				CLANG_WARN_SUSPICIOUS_MOVE = YES;
				CLANG_WARN_UNGUARDED_AVAILABILITY = YES_AGGRESSIVE;
				CLANG_WARN_UNREACHABLE_CODE = YES;
				CLANG_WARN__DUPLICATE_METHOD_MATCH = YES;
				COPY_PHASE_STRIP = NO;
				DEBUG_INFORMATION_FORMAT = dwarf;
				ENABLE_STRICT_OBJC_MSGSEND = YES;
				ENABLE_TESTABILITY = YES;
				GCC_C_LANGUAGE_STANDARD = gnu11;
				GCC_DYNAMIC_NO_PIC = NO;
				GCC_NO_COMMON_BLOCKS = YES;
				GCC_OPTIMIZATION_LEVEL = 0;
				GCC_PREPROCESSOR_DEFINITIONS = (
					"DEBUG=1",
					"$(inherited)",
				);
				GCC_WARN_64_TO_32_BIT_CONVERSION = YES;
				GCC_WARN_ABOUT_RETURN_TYPE = YES_ERROR;
				GCC_WARN_UNDECLARED_SELECTOR = YES;
				GCC_WARN_UNINITIALIZED_AUTOS = YES_AGGRESSIVE;
				GCC_WARN_UNUSED_FUNCTION = YES;
				GCC_WARN_UNUSED_VARIABLE = YES;
				IPHONEOS_DEPLOYMENT_TARGET = 16.2;
				MTL_ENABLE_DEBUG_INFO = INCLUDE_SOURCE;
				MTL_FAST_MATH = YES;
				ONLY_ACTIVE_ARCH = YES;
				SDKROOT = iphoneos;
				SWIFT_ACTIVE_COMPILATION_CONDITIONS = DEBUG;
				SWIFT_OPTIMIZATION_LEVEL = "-Onone";
			};
			name = Debug;
		};
		0579DD7E2989C16400E8512B /* Release */ = {
			isa = XCBuildConfiguration;
			buildSettings = {
				ALWAYS_SEARCH_USER_PATHS = NO;
				CLANG_ANALYZER_NONNULL = YES;
				CLANG_ANALYZER_NUMBER_OBJECT_CONVERSION = YES_AGGRESSIVE;
				CLANG_CXX_LANGUAGE_STANDARD = "gnu++20";
				CLANG_ENABLE_MODULES = YES;
				CLANG_ENABLE_OBJC_ARC = YES;
				CLANG_ENABLE_OBJC_WEAK = YES;
				CLANG_WARN_BLOCK_CAPTURE_AUTORELEASING = YES;
				CLANG_WARN_BOOL_CONVERSION = YES;
				CLANG_WARN_COMMA = YES;
				CLANG_WARN_CONSTANT_CONVERSION = YES;
				CLANG_WARN_DEPRECATED_OBJC_IMPLEMENTATIONS = YES;
				CLANG_WARN_DIRECT_OBJC_ISA_USAGE = YES_ERROR;
				CLANG_WARN_DOCUMENTATION_COMMENTS = YES;
				CLANG_WARN_EMPTY_BODY = YES;
				CLANG_WARN_ENUM_CONVERSION = YES;
				CLANG_WARN_INFINITE_RECURSION = YES;
				CLANG_WARN_INT_CONVERSION = YES;
				CLANG_WARN_NON_LITERAL_NULL_CONVERSION = YES;
				CLANG_WARN_OBJC_IMPLICIT_RETAIN_SELF = YES;
				CLANG_WARN_OBJC_LITERAL_CONVERSION = YES;
				CLANG_WARN_OBJC_ROOT_CLASS = YES_ERROR;
				CLANG_WARN_QUOTED_INCLUDE_IN_FRAMEWORK_HEADER = YES;
				CLANG_WARN_RANGE_LOOP_ANALYSIS = YES;
				CLANG_WARN_STRICT_PROTOTYPES = YES;
				CLANG_WARN_SUSPICIOUS_MOVE = YES;
				CLANG_WARN_UNGUARDED_AVAILABILITY = YES_AGGRESSIVE;
				CLANG_WARN_UNREACHABLE_CODE = YES;
				CLANG_WARN__DUPLICATE_METHOD_MATCH = YES;
				COPY_PHASE_STRIP = NO;
				DEBUG_INFORMATION_FORMAT = "dwarf-with-dsym";
				ENABLE_NS_ASSERTIONS = NO;
				ENABLE_STRICT_OBJC_MSGSEND = YES;
				GCC_C_LANGUAGE_STANDARD = gnu11;
				GCC_NO_COMMON_BLOCKS = YES;
				GCC_WARN_64_TO_32_BIT_CONVERSION = YES;
				GCC_WARN_ABOUT_RETURN_TYPE = YES_ERROR;
				GCC_WARN_UNDECLARED_SELECTOR = YES;
				GCC_WARN_UNINITIALIZED_AUTOS = YES_AGGRESSIVE;
				GCC_WARN_UNUSED_FUNCTION = YES;
				GCC_WARN_UNUSED_VARIABLE = YES;
				IPHONEOS_DEPLOYMENT_TARGET = 16.2;
				MTL_ENABLE_DEBUG_INFO = NO;
				MTL_FAST_MATH = YES;
				SDKROOT = iphoneos;
				SWIFT_COMPILATION_MODE = wholemodule;
				SWIFT_OPTIMIZATION_LEVEL = "-O";
				VALIDATE_PRODUCT = YES;
			};
			name = Release;
		};
		0579DD802989C16400E8512B /* Debug */ = {
			isa = XCBuildConfiguration;
			buildSettings = {
				ASSETCATALOG_COMPILER_APPICON_NAME = AppIcon;
				ASSETCATALOG_COMPILER_GLOBAL_ACCENT_COLOR_NAME = AccentColor;
				CODE_SIGN_STYLE = Automatic;
				CURRENT_PROJECT_VERSION = 1;
				DEVELOPMENT_ASSET_PATHS = "\"Landmarks/Preview Content\"";
				DEVELOPMENT_TEAM = TG9C7883U4;
				ENABLE_PREVIEWS = YES;
				GENERATE_INFOPLIST_FILE = YES;
				INFOPLIST_KEY_UIApplicationSceneManifest_Generation = YES;
				INFOPLIST_KEY_UIApplicationSupportsIndirectInputEvents = YES;
				INFOPLIST_KEY_UILaunchScreen_Generation = YES;
				INFOPLIST_KEY_UISupportedInterfaceOrientations_iPad = "UIInterfaceOrientationPortrait UIInterfaceOrientationPortraitUpsideDown UIInterfaceOrientationLandscapeLeft UIInterfaceOrientationLandscapeRight";
				INFOPLIST_KEY_UISupportedInterfaceOrientations_iPhone = "UIInterfaceOrientationPortrait UIInterfaceOrientationLandscapeLeft UIInterfaceOrientationLandscapeRight";
				LD_RUNPATH_SEARCH_PATHS = (
					"$(inherited)",
					"@executable_path/Frameworks",
				);
				MARKETING_VERSION = 1.0;
				PRODUCT_BUNDLE_IDENTIFIER = com.JackBodine.Landmarks;
				PRODUCT_NAME = "$(TARGET_NAME)";
				SWIFT_EMIT_LOC_STRINGS = YES;
				SWIFT_VERSION = 5.0;
				TARGETED_DEVICE_FAMILY = "1,2";
			};
			name = Debug;
		};
		0579DD812989C16400E8512B /* Release */ = {
			isa = XCBuildConfiguration;
			buildSettings = {
				ASSETCATALOG_COMPILER_APPICON_NAME = AppIcon;
				ASSETCATALOG_COMPILER_GLOBAL_ACCENT_COLOR_NAME = AccentColor;
				CODE_SIGN_STYLE = Automatic;
				CURRENT_PROJECT_VERSION = 1;
				DEVELOPMENT_ASSET_PATHS = "\"Landmarks/Preview Content\"";
				DEVELOPMENT_TEAM = TG9C7883U4;
				ENABLE_PREVIEWS = YES;
				GENERATE_INFOPLIST_FILE = YES;
				INFOPLIST_KEY_UIApplicationSceneManifest_Generation = YES;
				INFOPLIST_KEY_UIApplicationSupportsIndirectInputEvents = YES;
				INFOPLIST_KEY_UILaunchScreen_Generation = YES;
				INFOPLIST_KEY_UISupportedInterfaceOrientations_iPad = "UIInterfaceOrientationPortrait UIInterfaceOrientationPortraitUpsideDown UIInterfaceOrientationLandscapeLeft UIInterfaceOrientationLandscapeRight";
				INFOPLIST_KEY_UISupportedInterfaceOrientations_iPhone = "UIInterfaceOrientationPortrait UIInterfaceOrientationLandscapeLeft UIInterfaceOrientationLandscapeRight";
				LD_RUNPATH_SEARCH_PATHS = (
					"$(inherited)",
					"@executable_path/Frameworks",
				);
				MARKETING_VERSION = 1.0;
				PRODUCT_BUNDLE_IDENTIFIER = com.JackBodine.Landmarks;
				PRODUCT_NAME = "$(TARGET_NAME)";
				SWIFT_EMIT_LOC_STRINGS = YES;
				SWIFT_VERSION = 5.0;
				TARGETED_DEVICE_FAMILY = "1,2";
			};
			name = Release;
		};
/* End XCBuildConfiguration section */

/* Begin XCConfigurationList section */
		0579DD6C2989C15F00E8512B /* Build configuration list for PBXProject "Landmarks" */ = {
			isa = XCConfigurationList;
			buildConfigurations = (
				0579DD7D2989C16400E8512B /* Debug */,
				0579DD7E2989C16400E8512B /* Release */,
			);
			defaultConfigurationIsVisible = 0;
			defaultConfigurationName = Release;
		};
		0579DD7F2989C16400E8512B /* Build configuration list for PBXNativeTarget "Landmarks" */ = {
			isa = XCConfigurationList;
			buildConfigurations = (
				0579DD802989C16400E8512B /* Debug */,
				0579DD812989C16400E8512B /* Release */,
			);
			defaultConfigurationIsVisible = 0;
			defaultConfigurationName = Release;
		};
/* End XCConfigurationList section */
	};
	rootObject = 0579DD692989C15F00E8512B /* Project object */;
}
